// !$*UTF8*$!
{
	archiveVersion = 1;
	classes = {
	};
	objectVersion = 56;
	objects = {

/* Begin PBXBuildFile section */
		3C2A02592A6140ED0064A32E /* Service.swift in Sources */ = {isa = PBXBuildFile; fileRef = 3C2A02582A6140ED0064A32E /* Service.swift */; };
		3C2A025B2A6144830064A32E /* ServiceModel.swift in Sources */ = {isa = PBXBuildFile; fileRef = 3C2A025A2A6144830064A32E /* ServiceModel.swift */; };
		3C2A025F2A61458D0064A32E /* ServiceRepository.swift in Sources */ = {isa = PBXBuildFile; fileRef = 3C2A025E2A61458D0064A32E /* ServiceRepository.swift */; };
		3C2A02612A6146690064A32E /* ServiceRepositoryImpl.swift in Sources */ = {isa = PBXBuildFile; fileRef = 3C2A02602A6146690064A32E /* ServiceRepositoryImpl.swift */; };
		3C2A02632A614B190064A32E /* MainScreen.swift in Sources */ = {isa = PBXBuildFile; fileRef = 3C2A02622A614B190064A32E /* MainScreen.swift */; };
		3C2A02652A614B270064A32E /* HomeScreen.swift in Sources */ = {isa = PBXBuildFile; fileRef = 3C2A02642A614B260064A32E /* HomeScreen.swift */; };
		3C2A02672A614B3A0064A32E /* FavoriteServices.swift in Sources */ = {isa = PBXBuildFile; fileRef = 3C2A02662A614B3A0064A32E /* FavoriteServices.swift */; };
		3C4893162A5FDAD900F6EED5 /* StokryptoApp.swift in Sources */ = {isa = PBXBuildFile; fileRef = 3C4893152A5FDAD900F6EED5 /* StokryptoApp.swift */; };
		3C48931A2A5FDADC00F6EED5 /* Assets.xcassets in Resources */ = {isa = PBXBuildFile; fileRef = 3C4893192A5FDADC00F6EED5 /* Assets.xcassets */; };
		3C48931D2A5FDADC00F6EED5 /* Preview Assets.xcassets in Resources */ = {isa = PBXBuildFile; fileRef = 3C48931C2A5FDADC00F6EED5 /* Preview Assets.xcassets */; };
		3C9975472A6523DA00DE25A3 /* AssetScreen.swift in Sources */ = {isa = PBXBuildFile; fileRef = 3C9975462A6523DA00DE25A3 /* AssetScreen.swift */; };
		3C9975492A6523E500DE25A3 /* TradingScreen.swift in Sources */ = {isa = PBXBuildFile; fileRef = 3C9975482A6523E500DE25A3 /* TradingScreen.swift */; };
		3C99754B2A6523EE00DE25A3 /* MarketScreen.swift in Sources */ = {isa = PBXBuildFile; fileRef = 3C99754A2A6523EE00DE25A3 /* MarketScreen.swift */; };
		3C99754D2A6523F800DE25A3 /* OtherScreen.swift in Sources */ = {isa = PBXBuildFile; fileRef = 3C99754C2A6523F800DE25A3 /* OtherScreen.swift */; };
		3C99754F2A65266400DE25A3 /* Balance.swift in Sources */ = {isa = PBXBuildFile; fileRef = 3C99754E2A65266400DE25A3 /* Balance.swift */; };
/* End PBXBuildFile section */

/* Begin PBXFileReference section */
		3C2A02582A6140ED0064A32E /* Service.swift */ = {isa = PBXFileReference; lastKnownFileType = sourcecode.swift; path = Service.swift; sourceTree = "<group>"; };
		3C2A025A2A6144830064A32E /* ServiceModel.swift */ = {isa = PBXFileReference; lastKnownFileType = sourcecode.swift; path = ServiceModel.swift; sourceTree = "<group>"; };
		3C2A025E2A61458D0064A32E /* ServiceRepository.swift */ = {isa = PBXFileReference; lastKnownFileType = sourcecode.swift; path = ServiceRepository.swift; sourceTree = "<group>"; };
		3C2A02602A6146690064A32E /* ServiceRepositoryImpl.swift */ = {isa = PBXFileReference; lastKnownFileType = sourcecode.swift; path = ServiceRepositoryImpl.swift; sourceTree = "<group>"; };
		3C2A02622A614B190064A32E /* MainScreen.swift */ = {isa = PBXFileReference; lastKnownFileType = sourcecode.swift; path = MainScreen.swift; sourceTree = "<group>"; };
		3C2A02642A614B260064A32E /* HomeScreen.swift */ = {isa = PBXFileReference; lastKnownFileType = sourcecode.swift; path = HomeScreen.swift; sourceTree = "<group>"; };
		3C2A02662A614B3A0064A32E /* FavoriteServices.swift */ = {isa = PBXFileReference; lastKnownFileType = sourcecode.swift; path = FavoriteServices.swift; sourceTree = "<group>"; };
		3C4893122A5FDAD900F6EED5 /* Stokrypto.app */ = {isa = PBXFileReference; explicitFileType = wrapper.application; includeInIndex = 0; path = Stokrypto.app; sourceTree = BUILT_PRODUCTS_DIR; };
		3C4893152A5FDAD900F6EED5 /* StokryptoApp.swift */ = {isa = PBXFileReference; lastKnownFileType = sourcecode.swift; path = StokryptoApp.swift; sourceTree = "<group>"; };
		3C4893192A5FDADC00F6EED5 /* Assets.xcassets */ = {isa = PBXFileReference; lastKnownFileType = folder.assetcatalog; path = Assets.xcassets; sourceTree = "<group>"; };
		3C48931C2A5FDADC00F6EED5 /* Preview Assets.xcassets */ = {isa = PBXFileReference; lastKnownFileType = folder.assetcatalog; path = "Preview Assets.xcassets"; sourceTree = "<group>"; };
		3C9975462A6523DA00DE25A3 /* AssetScreen.swift */ = {isa = PBXFileReference; lastKnownFileType = sourcecode.swift; path = AssetScreen.swift; sourceTree = "<group>"; };
		3C9975482A6523E500DE25A3 /* TradingScreen.swift */ = {isa = PBXFileReference; lastKnownFileType = sourcecode.swift; path = TradingScreen.swift; sourceTree = "<group>"; };
		3C99754A2A6523EE00DE25A3 /* MarketScreen.swift */ = {isa = PBXFileReference; lastKnownFileType = sourcecode.swift; path = MarketScreen.swift; sourceTree = "<group>"; };
		3C99754C2A6523F800DE25A3 /* OtherScreen.swift */ = {isa = PBXFileReference; lastKnownFileType = sourcecode.swift; path = OtherScreen.swift; sourceTree = "<group>"; };
		3C99754E2A65266400DE25A3 /* Balance.swift */ = {isa = PBXFileReference; lastKnownFileType = sourcecode.swift; path = Balance.swift; sourceTree = "<group>"; };
/* End PBXFileReference section */

/* Begin PBXFrameworksBuildPhase section */
		3C48930F2A5FDAD900F6EED5 /* Frameworks */ = {
			isa = PBXFrameworksBuildPhase;
			buildActionMask = 2147483647;
			files = (
			);
			runOnlyForDeploymentPostprocessing = 0;
		};
/* End PBXFrameworksBuildPhase section */

/* Begin PBXGroup section */
		3C2A02502A61342D0064A32E /* Presentation */ = {
			isa = PBXGroup;
			children = (
				3C2A02572A61400E0064A32E /* Components */,
				3C2A02562A6140070064A32E /* Screens */,
			);
			path = Presentation;
			sourceTree = "<group>";
		};
		3C2A02512A6134630064A32E /* Domain */ = {
			isa = PBXGroup;
			children = (
				3C2A025C2A61453E0064A32E /* Repositories */,
				3C2A02552A6140000064A32E /* Entities */,
			);
			path = Domain;
			sourceTree = "<group>";
		};
		3C2A02522A61346C0064A32E /* Data */ = {
			isa = PBXGroup;
			children = (
				3C2A025D2A6145450064A32E /* Repositories */,
				3C2A02532A613FF10064A32E /* Models */,
			);
			path = Data;
			sourceTree = "<group>";
		};
		3C2A02532A613FF10064A32E /* Models */ = {
			isa = PBXGroup;
			children = (
				3C2A025A2A6144830064A32E /* ServiceModel.swift */,
			);
			path = Models;
			sourceTree = "<group>";
		};
		3C2A02552A6140000064A32E /* Entities */ = {
			isa = PBXGroup;
			children = (
				3C2A02582A6140ED0064A32E /* Service.swift */,
			);
			path = Entities;
			sourceTree = "<group>";
		};
		3C2A02562A6140070064A32E /* Screens */ = {
			isa = PBXGroup;
			children = (
				3C2A02622A614B190064A32E /* MainScreen.swift */,
				3C2A02642A614B260064A32E /* HomeScreen.swift */,
				3C9975462A6523DA00DE25A3 /* AssetScreen.swift */,
				3C9975482A6523E500DE25A3 /* TradingScreen.swift */,
				3C99754A2A6523EE00DE25A3 /* MarketScreen.swift */,
				3C99754C2A6523F800DE25A3 /* OtherScreen.swift */,
			);
			path = Screens;
			sourceTree = "<group>";
		};
		3C2A02572A61400E0064A32E /* Components */ = {
			isa = PBXGroup;
			children = (
				3C2A02662A614B3A0064A32E /* FavoriteServices.swift */,
				3C99754E2A65266400DE25A3 /* Balance.swift */,
			);
			path = Components;
			sourceTree = "<group>";
		};
		3C2A025C2A61453E0064A32E /* Repositories */ = {
			isa = PBXGroup;
			children = (
				3C2A025E2A61458D0064A32E /* ServiceRepository.swift */,
			);
			path = Repositories;
			sourceTree = "<group>";
		};
		3C2A025D2A6145450064A32E /* Repositories */ = {
			isa = PBXGroup;
			children = (
				3C2A02602A6146690064A32E /* ServiceRepositoryImpl.swift */,
			);
			path = Repositories;
			sourceTree = "<group>";
		};
		3C4893092A5FDAD900F6EED5 = {
			isa = PBXGroup;
			children = (
				3C4893142A5FDAD900F6EED5 /* Stokrypto */,
				3C4893132A5FDAD900F6EED5 /* Products */,
			);
			sourceTree = "<group>";
		};
		3C4893132A5FDAD900F6EED5 /* Products */ = {
			isa = PBXGroup;
			children = (
				3C4893122A5FDAD900F6EED5 /* Stokrypto.app */,
			);
			name = Products;
			sourceTree = "<group>";
		};
		3C4893142A5FDAD900F6EED5 /* Stokrypto */ = {
			isa = PBXGroup;
			children = (
				3C2A02522A61346C0064A32E /* Data */,
				3C2A02512A6134630064A32E /* Domain */,
				3C2A02502A61342D0064A32E /* Presentation */,
				3C4893152A5FDAD900F6EED5 /* StokryptoApp.swift */,
				3C4893192A5FDADC00F6EED5 /* Assets.xcassets */,
				3C48931B2A5FDADC00F6EED5 /* Preview Content */,
			);
			path = Stokrypto;
			sourceTree = "<group>";
		};
		3C48931B2A5FDADC00F6EED5 /* Preview Content */ = {
			isa = PBXGroup;
			children = (
				3C48931C2A5FDADC00F6EED5 /* Preview Assets.xcassets */,
			);
			path = "Preview Content";
			sourceTree = "<group>";
		};
/* End PBXGroup section */

/* Begin PBXNativeTarget section */
		3C4893112A5FDAD900F6EED5 /* Stokrypto */ = {
			isa = PBXNativeTarget;
			buildConfigurationList = 3C4893202A5FDADC00F6EED5 /* Build configuration list for PBXNativeTarget "Stokrypto" */;
			buildPhases = (
				3C48930E2A5FDAD900F6EED5 /* Sources */,
				3C48930F2A5FDAD900F6EED5 /* Frameworks */,
				3C4893102A5FDAD900F6EED5 /* Resources */,
			);
			buildRules = (
			);
			dependencies = (
			);
			name = Stokrypto;
			productName = Stokrypto;
			productReference = 3C4893122A5FDAD900F6EED5 /* Stokrypto.app */;
			productType = "com.apple.product-type.application";
		};
/* End PBXNativeTarget section */

/* Begin PBXProject section */
		3C48930A2A5FDAD900F6EED5 /* Project object */ = {
			isa = PBXProject;
			attributes = {
				BuildIndependentTargetsInParallel = 1;
				LastSwiftUpdateCheck = 1420;
				LastUpgradeCheck = 1420;
				TargetAttributes = {
					3C4893112A5FDAD900F6EED5 = {
						CreatedOnToolsVersion = 14.2;
					};
				};
			};
			buildConfigurationList = 3C48930D2A5FDAD900F6EED5 /* Build configuration list for PBXProject "Stokrypto" */;
			compatibilityVersion = "Xcode 14.0";
			developmentRegion = en;
			hasScannedForEncodings = 0;
			knownRegions = (
				en,
				Base,
			);
			mainGroup = 3C4893092A5FDAD900F6EED5;
			productRefGroup = 3C4893132A5FDAD900F6EED5 /* Products */;
			projectDirPath = "";
			projectRoot = "";
			targets = (
				3C4893112A5FDAD900F6EED5 /* Stokrypto */,
			);
		};
/* End PBXProject section */

/* Begin PBXResourcesBuildPhase section */
		3C4893102A5FDAD900F6EED5 /* Resources */ = {
			isa = PBXResourcesBuildPhase;
			buildActionMask = 2147483647;
			files = (
				3C48931D2A5FDADC00F6EED5 /* Preview Assets.xcassets in Resources */,
				3C48931A2A5FDADC00F6EED5 /* Assets.xcassets in Resources */,
			);
			runOnlyForDeploymentPostprocessing = 0;
		};
/* End PBXResourcesBuildPhase section */

/* Begin PBXSourcesBuildPhase section */
		3C48930E2A5FDAD900F6EED5 /* Sources */ = {
			isa = PBXSourcesBuildPhase;
			buildActionMask = 2147483647;
			files = (
				3C99754B2A6523EE00DE25A3 /* MarketScreen.swift in Sources */,
				3C2A02632A614B190064A32E /* MainScreen.swift in Sources */,
				3C99754D2A6523F800DE25A3 /* OtherScreen.swift in Sources */,
				3C4893162A5FDAD900F6EED5 /* StokryptoApp.swift in Sources */,
				3C2A02672A614B3A0064A32E /* FavoriteServices.swift in Sources */,
				3C99754F2A65266400DE25A3 /* Balance.swift in Sources */,
				3C2A025F2A61458D0064A32E /* ServiceRepository.swift in Sources */,
				3C2A02652A614B270064A32E /* HomeScreen.swift in Sources */,
				3C2A02592A6140ED0064A32E /* Service.swift in Sources */,
				3C2A025B2A6144830064A32E /* ServiceModel.swift in Sources */,
				3C9975472A6523DA00DE25A3 /* AssetScreen.swift in Sources */,
				3C2A02612A6146690064A32E /* ServiceRepositoryImpl.swift in Sources */,
				3C9975492A6523E500DE25A3 /* TradingScreen.swift in Sources */,
			);
			runOnlyForDeploymentPostprocessing = 0;
		};
/* End PBXSourcesBuildPhase section */

/* Begin XCBuildConfiguration section */
		3C48931E2A5FDADC00F6EED5 /* Debug */ = {
			isa = XCBuildConfiguration;
			buildSettings = {
				ALWAYS_SEARCH_USER_PATHS = NO;
				CLANG_ANALYZER_NONNULL = YES;
				CLANG_ANALYZER_NUMBER_OBJECT_CONVERSION = YES_AGGRESSIVE;
				CLANG_CXX_LANGUAGE_STANDARD = "gnu++20";
				CLANG_ENABLE_MODULES = YES;
				CLANG_ENABLE_OBJC_ARC = YES;
				CLANG_ENABLE_OBJC_WEAK = YES;
				CLANG_WARN_BLOCK_CAPTURE_AUTORELEASING = YES;
				CLANG_WARN_BOOL_CONVERSION = YES;
				CLANG_WARN_COMMA = YES;
				CLANG_WARN_CONSTANT_CONVERSION = YES;
				CLANG_WARN_DEPRECATED_OBJC_IMPLEMENTATIONS = YES;
				CLANG_WARN_DIRECT_OBJC_ISA_USAGE = YES_ERROR;
				CLANG_WARN_DOCUMENTATION_COMMENTS = YES;
				CLANG_WARN_EMPTY_BODY = YES;
				CLANG_WARN_ENUM_CONVERSION = YES;
				CLANG_WARN_INFINITE_RECURSION = YES;
				CLANG_WARN_INT_CONVERSION = YES;
				CLANG_WARN_NON_LITERAL_NULL_CONVERSION = YES;
				CLANG_WARN_OBJC_IMPLICIT_RETAIN_SELF = YES;
				CLANG_WARN_OBJC_LITERAL_CONVERSION = YES;
				CLANG_WARN_OBJC_ROOT_CLASS = YES_ERROR;
				CLANG_WARN_QUOTED_INCLUDE_IN_FRAMEWORK_HEADER = YES;
				CLANG_WARN_RANGE_LOOP_ANALYSIS = YES;
				CLANG_WARN_STRICT_PROTOTYPES = YES;
				CLANG_WARN_SUSPICIOUS_MOVE = YES;
				CLANG_WARN_UNGUARDED_AVAILABILITY = YES_AGGRESSIVE;
				CLANG_WARN_UNREACHABLE_CODE = YES;
				CLANG_WARN__DUPLICATE_METHOD_MATCH = YES;
				COPY_PHASE_STRIP = NO;
				DEBUG_INFORMATION_FORMAT = dwarf;
				ENABLE_STRICT_OBJC_MSGSEND = YES;
				ENABLE_TESTABILITY = YES;
				GCC_C_LANGUAGE_STANDARD = gnu11;
				GCC_DYNAMIC_NO_PIC = NO;
				GCC_NO_COMMON_BLOCKS = YES;
				GCC_OPTIMIZATION_LEVEL = 0;
				GCC_PREPROCESSOR_DEFINITIONS = (
					"DEBUG=1",
					"$(inherited)",
				);
				GCC_WARN_64_TO_32_BIT_CONVERSION = YES;
				GCC_WARN_ABOUT_RETURN_TYPE = YES_ERROR;
				GCC_WARN_UNDECLARED_SELECTOR = YES;
				GCC_WARN_UNINITIALIZED_AUTOS = YES_AGGRESSIVE;
				GCC_WARN_UNUSED_FUNCTION = YES;
				GCC_WARN_UNUSED_VARIABLE = YES;
				IPHONEOS_DEPLOYMENT_TARGET = 16.2;
				MTL_ENABLE_DEBUG_INFO = INCLUDE_SOURCE;
				MTL_FAST_MATH = YES;
				ONLY_ACTIVE_ARCH = YES;
				SDKROOT = iphoneos;
				SWIFT_ACTIVE_COMPILATION_CONDITIONS = DEBUG;
				SWIFT_OPTIMIZATION_LEVEL = "-Onone";
			};
			name = Debug;
		};
		3C48931F2A5FDADC00F6EED5 /* Release */ = {
			isa = XCBuildConfiguration;
			buildSettings = {
				ALWAYS_SEARCH_USER_PATHS = NO;
				CLANG_ANALYZER_NONNULL = YES;
				CLANG_ANALYZER_NUMBER_OBJECT_CONVERSION = YES_AGGRESSIVE;
				CLANG_CXX_LANGUAGE_STANDARD = "gnu++20";
				CLANG_ENABLE_MODULES = YES;
				CLANG_ENABLE_OBJC_ARC = YES;
				CLANG_ENABLE_OBJC_WEAK = YES;
				CLANG_WARN_BLOCK_CAPTURE_AUTORELEASING = YES;
				CLANG_WARN_BOOL_CONVERSION = YES;
				CLANG_WARN_COMMA = YES;
				CLANG_WARN_CONSTANT_CONVERSION = YES;
				CLANG_WARN_DEPRECATED_OBJC_IMPLEMENTATIONS = YES;
				CLANG_WARN_DIRECT_OBJC_ISA_USAGE = YES_ERROR;
				CLANG_WARN_DOCUMENTATION_COMMENTS = YES;
				CLANG_WARN_EMPTY_BODY = YES;
				CLANG_WARN_ENUM_CONVERSION = YES;
				CLANG_WARN_INFINITE_RECURSION = YES;
				CLANG_WARN_INT_CONVERSION = YES;
				CLANG_WARN_NON_LITERAL_NULL_CONVERSION = YES;
				CLANG_WARN_OBJC_IMPLICIT_RETAIN_SELF = YES;
				CLANG_WARN_OBJC_LITERAL_CONVERSION = YES;
				CLANG_WARN_OBJC_ROOT_CLASS = YES_ERROR;
				CLANG_WARN_QUOTED_INCLUDE_IN_FRAMEWORK_HEADER = YES;
				CLANG_WARN_RANGE_LOOP_ANALYSIS = YES;
				CLANG_WARN_STRICT_PROTOTYPES = YES;
				CLANG_WARN_SUSPICIOUS_MOVE = YES;
				CLANG_WARN_UNGUARDED_AVAILABILITY = YES_AGGRESSIVE;
				CLANG_WARN_UNREACHABLE_CODE = YES;
				CLANG_WARN__DUPLICATE_METHOD_MATCH = YES;
				COPY_PHASE_STRIP = NO;
				DEBUG_INFORMATION_FORMAT = "dwarf-with-dsym";
				ENABLE_NS_ASSERTIONS = NO;
				ENABLE_STRICT_OBJC_MSGSEND = YES;
				GCC_C_LANGUAGE_STANDARD = gnu11;
				GCC_NO_COMMON_BLOCKS = YES;
				GCC_WARN_64_TO_32_BIT_CONVERSION = YES;
				GCC_WARN_ABOUT_RETURN_TYPE = YES_ERROR;
				GCC_WARN_UNDECLARED_SELECTOR = YES;
				GCC_WARN_UNINITIALIZED_AUTOS = YES_AGGRESSIVE;
				GCC_WARN_UNUSED_FUNCTION = YES;
				GCC_WARN_UNUSED_VARIABLE = YES;
				IPHONEOS_DEPLOYMENT_TARGET = 16.2;
				MTL_ENABLE_DEBUG_INFO = NO;
				MTL_FAST_MATH = YES;
				SDKROOT = iphoneos;
				SWIFT_COMPILATION_MODE = wholemodule;
				SWIFT_OPTIMIZATION_LEVEL = "-O";
				VALIDATE_PRODUCT = YES;
			};
			name = Release;
		};
		3C4893212A5FDADC00F6EED5 /* Debug */ = {
			isa = XCBuildConfiguration;
			buildSettings = {
				ASSETCATALOG_COMPILER_APPICON_NAME = AppIcon;
				ASSETCATALOG_COMPILER_GLOBAL_ACCENT_COLOR_NAME = AccentColor;
				CODE_SIGN_STYLE = Automatic;
				CURRENT_PROJECT_VERSION = 1;
				DEVELOPMENT_ASSET_PATHS = "\"Stokrypto/Preview Content\"";
				DEVELOPMENT_TEAM = 8UKZ5G8P9P;
				ENABLE_PREVIEWS = YES;
				GENERATE_INFOPLIST_FILE = YES;
				INFOPLIST_KEY_UIApplicationSceneManifest_Generation = YES;
				INFOPLIST_KEY_UIApplicationSupportsIndirectInputEvents = YES;
				INFOPLIST_KEY_UILaunchScreen_Generation = YES;
				INFOPLIST_KEY_UISupportedInterfaceOrientations_iPad = "UIInterfaceOrientationPortrait UIInterfaceOrientationPortraitUpsideDown UIInterfaceOrientationLandscapeLeft UIInterfaceOrientationLandscapeRight";
				INFOPLIST_KEY_UISupportedInterfaceOrientations_iPhone = "UIInterfaceOrientationPortrait UIInterfaceOrientationLandscapeLeft UIInterfaceOrientationLandscapeRight";
				LD_RUNPATH_SEARCH_PATHS = (
					"$(inherited)",
					"@executable_path/Frameworks",
				);
				MARKETING_VERSION = 1.0;
				PRODUCT_BUNDLE_IDENTIFIER = app.web.bachbntdev.Stokrypto;
				PRODUCT_NAME = "$(TARGET_NAME)";
				SWIFT_EMIT_LOC_STRINGS = YES;
				SWIFT_VERSION = 5.0;
				TARGETED_DEVICE_FAMILY = "1,2";
			};
			name = Debug;
		};
		3C4893222A5FDADC00F6EED5 /* Release */ = {
			isa = XCBuildConfiguration;
			buildSettings = {
				ASSETCATALOG_COMPILER_APPICON_NAME = AppIcon;
				ASSETCATALOG_COMPILER_GLOBAL_ACCENT_COLOR_NAME = AccentColor;
				CODE_SIGN_STYLE = Automatic;
				CURRENT_PROJECT_VERSION = 1;
				DEVELOPMENT_ASSET_PATHS = "\"Stokrypto/Preview Content\"";
				DEVELOPMENT_TEAM = 8UKZ5G8P9P;
				ENABLE_PREVIEWS = YES;
				GENERATE_INFOPLIST_FILE = YES;
				INFOPLIST_KEY_UIApplicationSceneManifest_Generation = YES;
				INFOPLIST_KEY_UIApplicationSupportsIndirectInputEvents = YES;
				INFOPLIST_KEY_UILaunchScreen_Generation = YES;
				INFOPLIST_KEY_UISupportedInterfaceOrientations_iPad = "UIInterfaceOrientationPortrait UIInterfaceOrientationPortraitUpsideDown UIInterfaceOrientationLandscapeLeft UIInterfaceOrientationLandscapeRight";
				INFOPLIST_KEY_UISupportedInterfaceOrientations_iPhone = "UIInterfaceOrientationPortrait UIInterfaceOrientationLandscapeLeft UIInterfaceOrientationLandscapeRight";
				LD_RUNPATH_SEARCH_PATHS = (
					"$(inherited)",
					"@executable_path/Frameworks",
				);
				MARKETING_VERSION = 1.0;
				PRODUCT_BUNDLE_IDENTIFIER = app.web.bachbntdev.Stokrypto;
				PRODUCT_NAME = "$(TARGET_NAME)";
				SWIFT_EMIT_LOC_STRINGS = YES;
				SWIFT_VERSION = 5.0;
				TARGETED_DEVICE_FAMILY = "1,2";
			};
			name = Release;
		};
/* End XCBuildConfiguration section */

/* Begin XCConfigurationList section */
		3C48930D2A5FDAD900F6EED5 /* Build configuration list for PBXProject "Stokrypto" */ = {
			isa = XCConfigurationList;
			buildConfigurations = (
				3C48931E2A5FDADC00F6EED5 /* Debug */,
				3C48931F2A5FDADC00F6EED5 /* Release */,
			);
			defaultConfigurationIsVisible = 0;
			defaultConfigurationName = Release;
		};
		3C4893202A5FDADC00F6EED5 /* Build configuration list for PBXNativeTarget "Stokrypto" */ = {
			isa = XCConfigurationList;
			buildConfigurations = (
				3C4893212A5FDADC00F6EED5 /* Debug */,
				3C4893222A5FDADC00F6EED5 /* Release */,
			);
			defaultConfigurationIsVisible = 0;
			defaultConfigurationName = Release;
		};
/* End XCConfigurationList section */
	};
	rootObject = 3C48930A2A5FDAD900F6EED5 /* Project object */;
}
